// !$*UTF8*$!
{
	archiveVersion = 1;
	classes = {
	};
	objectVersion = 55;
	objects = {

/* Begin PBXBuildFile section */
		10C83E862701C9E200DB8841 /* ClubhouseApp.swift in Sources */ = {isa = PBXBuildFile; fileRef = 10C83E852701C9E200DB8841 /* ClubhouseApp.swift */; };
		10C83E882701C9E200DB8841 /* ContentView.swift in Sources */ = {isa = PBXBuildFile; fileRef = 10C83E872701C9E200DB8841 /* ContentView.swift */; };
		10C83E8A2701C9E700DB8841 /* Assets.xcassets in Resources */ = {isa = PBXBuildFile; fileRef = 10C83E892701C9E700DB8841 /* Assets.xcassets */; };
		10C83E8D2701C9E700DB8841 /* Preview Assets.xcassets in Resources */ = {isa = PBXBuildFile; fileRef = 10C83E8C2701C9E700DB8841 /* Preview Assets.xcassets */; };
		10C83E962701CC2B00DB8841 /* RoomViewModel.swift in Sources */ = {isa = PBXBuildFile; fileRef = 10C83E952701CC2B00DB8841 /* RoomViewModel.swift */; };
		10C83EA42701CD3100DB8841 /* FeedItem.swift in Sources */ = {isa = PBXBuildFile; fileRef = 10C83EA12701CD3000DB8841 /* FeedItem.swift */; };
		10C83EA52701CD3100DB8841 /* FeedRoom.swift in Sources */ = {isa = PBXBuildFile; fileRef = 10C83EA22701CD3000DB8841 /* FeedRoom.swift */; };
		10C83EA62701CD3100DB8841 /* UpcomingRoomModel.swift in Sources */ = {isa = PBXBuildFile; fileRef = 10C83EA32701CD3100DB8841 /* UpcomingRoomModel.swift */; };
		10C83EB52701CD9900DB8841 /* Image.swift in Sources */ = {isa = PBXBuildFile; fileRef = 10C83EAD2701CD9900DB8841 /* Image.swift */; };
		10C83EB62701CD9900DB8841 /* Font.swift in Sources */ = {isa = PBXBuildFile; fileRef = 10C83EB32701CD9900DB8841 /* Font.swift */; };
		10C83EB72701CD9900DB8841 /* Colors.swift in Sources */ = {isa = PBXBuildFile; fileRef = 10C83EB42701CD9900DB8841 /* Colors.swift */; };
		10C83EBC2701CEA800DB8841 /* HomeHeaderView.swift in Sources */ = {isa = PBXBuildFile; fileRef = 10C83EBB2701CEA800DB8841 /* HomeHeaderView.swift */; };
		10C83EC02701D23F00DB8841 /* UpcomingRoomsView.swift in Sources */ = {isa = PBXBuildFile; fileRef = 10C83EBF2701D23F00DB8841 /* UpcomingRoomsView.swift */; };
		10C83EC22701E5FE00DB8841 /* RoomView.swift in Sources */ = {isa = PBXBuildFile; fileRef = 10C83EC12701E5FE00DB8841 /* RoomView.swift */; };
		10C83EC42702E4FC00DB8841 /* ButtonHomeView.swift in Sources */ = {isa = PBXBuildFile; fileRef = 10C83EC32702E4FC00DB8841 /* ButtonHomeView.swift */; };
		10C83EC62702F4A200DB8841 /* ProfileHeaderView.swift in Sources */ = {isa = PBXBuildFile; fileRef = 10C83EC52702F4A200DB8841 /* ProfileHeaderView.swift */; };
		10C83EC92702F5A800DB8841 /* ProfileView.swift in Sources */ = {isa = PBXBuildFile; fileRef = 10C83EC82702F5A800DB8841 /* ProfileView.swift */; };
/* End PBXBuildFile section */

/* Begin PBXFileReference section */
		10C83E822701C9E200DB8841 /* Clubhouse.app */ = {isa = PBXFileReference; explicitFileType = wrapper.application; includeInIndex = 0; path = Clubhouse.app; sourceTree = BUILT_PRODUCTS_DIR; };
		10C83E852701C9E200DB8841 /* ClubhouseApp.swift */ = {isa = PBXFileReference; lastKnownFileType = sourcecode.swift; path = ClubhouseApp.swift; sourceTree = "<group>"; };
		10C83E872701C9E200DB8841 /* ContentView.swift */ = {isa = PBXFileReference; lastKnownFileType = sourcecode.swift; path = ContentView.swift; sourceTree = "<group>"; };
		10C83E892701C9E700DB8841 /* Assets.xcassets */ = {isa = PBXFileReference; lastKnownFileType = folder.assetcatalog; path = Assets.xcassets; sourceTree = "<group>"; };
		10C83E8C2701C9E700DB8841 /* Preview Assets.xcassets */ = {isa = PBXFileReference; lastKnownFileType = folder.assetcatalog; path = "Preview Assets.xcassets"; sourceTree = "<group>"; };
		10C83E952701CC2B00DB8841 /* RoomViewModel.swift */ = {isa = PBXFileReference; lastKnownFileType = sourcecode.swift; path = RoomViewModel.swift; sourceTree = "<group>"; };
		10C83EA12701CD3000DB8841 /* FeedItem.swift */ = {isa = PBXFileReference; fileEncoding = 4; lastKnownFileType = sourcecode.swift; path = FeedItem.swift; sourceTree = "<group>"; };
		10C83EA22701CD3000DB8841 /* FeedRoom.swift */ = {isa = PBXFileReference; fileEncoding = 4; lastKnownFileType = sourcecode.swift; path = FeedRoom.swift; sourceTree = "<group>"; };
		10C83EA32701CD3100DB8841 /* UpcomingRoomModel.swift */ = {isa = PBXFileReference; fileEncoding = 4; lastKnownFileType = sourcecode.swift; path = UpcomingRoomModel.swift; sourceTree = "<group>"; };
		10C83EAA2701CD7100DB8841 /* Preview Assets.xcassets */ = {isa = PBXFileReference; lastKnownFileType = folder.assetcatalog; path = "Preview Assets.xcassets"; sourceTree = "<group>"; };
		10C83EAD2701CD9900DB8841 /* Image.swift */ = {isa = PBXFileReference; lastKnownFileType = sourcecode.swift; path = Image.swift; sourceTree = "<group>"; };
		10C83EAF2701CD9900DB8841 /* NunitoSans-ExtraBold.ttf */ = {isa = PBXFileReference; lastKnownFileType = file; path = "NunitoSans-ExtraBold.ttf"; sourceTree = "<group>"; };
		10C83EB02701CD9900DB8841 /* NunitoSans-Regular.ttf */ = {isa = PBXFileReference; lastKnownFileType = file; path = "NunitoSans-Regular.ttf"; sourceTree = "<group>"; };
		10C83EB12701CD9900DB8841 /* NunitoSans-Bold.ttf */ = {isa = PBXFileReference; lastKnownFileType = file; path = "NunitoSans-Bold.ttf"; sourceTree = "<group>"; };
		10C83EB22701CD9900DB8841 /* NunitoSans-SemiBold.ttf */ = {isa = PBXFileReference; lastKnownFileType = file; path = "NunitoSans-SemiBold.ttf"; sourceTree = "<group>"; };
		10C83EB32701CD9900DB8841 /* Font.swift */ = {isa = PBXFileReference; lastKnownFileType = sourcecode.swift; path = Font.swift; sourceTree = "<group>"; };
		10C83EB42701CD9900DB8841 /* Colors.swift */ = {isa = PBXFileReference; lastKnownFileType = sourcecode.swift; path = Colors.swift; sourceTree = "<group>"; };
		10C83EBB2701CEA800DB8841 /* HomeHeaderView.swift */ = {isa = PBXFileReference; lastKnownFileType = sourcecode.swift; path = HomeHeaderView.swift; sourceTree = "<group>"; };
		10C83EBF2701D23F00DB8841 /* UpcomingRoomsView.swift */ = {isa = PBXFileReference; lastKnownFileType = sourcecode.swift; path = UpcomingRoomsView.swift; sourceTree = "<group>"; };
		10C83EC12701E5FE00DB8841 /* RoomView.swift */ = {isa = PBXFileReference; lastKnownFileType = sourcecode.swift; path = RoomView.swift; sourceTree = "<group>"; };
		10C83EC32702E4FC00DB8841 /* ButtonHomeView.swift */ = {isa = PBXFileReference; lastKnownFileType = sourcecode.swift; path = ButtonHomeView.swift; sourceTree = "<group>"; };
		10C83EC52702F4A200DB8841 /* ProfileHeaderView.swift */ = {isa = PBXFileReference; lastKnownFileType = sourcecode.swift; path = ProfileHeaderView.swift; sourceTree = "<group>"; };
		10C83EC82702F5A800DB8841 /* ProfileView.swift */ = {isa = PBXFileReference; lastKnownFileType = sourcecode.swift; path = ProfileView.swift; sourceTree = "<group>"; };
/* End PBXFileReference section */

/* Begin PBXFrameworksBuildPhase section */
		10C83E7F2701C9E200DB8841 /* Frameworks */ = {
			isa = PBXFrameworksBuildPhase;
			buildActionMask = 2147483647;
			files = (
			);
			runOnlyForDeploymentPostprocessing = 0;
		};
/* End PBXFrameworksBuildPhase section */

/* Begin PBXGroup section */
		10C83E792701C9E200DB8841 = {
			isa = PBXGroup;
			children = (
				10C83E842701C9E200DB8841 /* Clubhouse */,
				10C83E832701C9E200DB8841 /* Products */,
			);
			sourceTree = "<group>";
		};
		10C83E832701C9E200DB8841 /* Products */ = {
			isa = PBXGroup;
			children = (
				10C83E822701C9E200DB8841 /* Clubhouse.app */,
			);
			name = Products;
			sourceTree = "<group>";
		};
		10C83E842701C9E200DB8841 /* Clubhouse */ = {
			isa = PBXGroup;
			children = (
				10C83EB92701CE8400DB8841 /* Views */,
				10C83EBD2701CEDD00DB8841 /* Preview Content */,
				10C83EB82701CDA600DB8841 /* Resources */,
				10C83EA72701CD5700DB8841 /* Models */,
				10C83E972701CC6300DB8841 /* ViewModel */,
				10C83E852701C9E200DB8841 /* ClubhouseApp.swift */,
				10C83E872701C9E200DB8841 /* ContentView.swift */,
				10C83E892701C9E700DB8841 /* Assets.xcassets */,
				10C83E8B2701C9E700DB8841 /* Preview Content */,
			);
			path = Clubhouse;
			sourceTree = "<group>";
		};
		10C83E8B2701C9E700DB8841 /* Preview Content */ = {
			isa = PBXGroup;
			children = (
				10C83E8C2701C9E700DB8841 /* Preview Assets.xcassets */,
			);
			path = "Preview Content";
			sourceTree = "<group>";
		};
		10C83E972701CC6300DB8841 /* ViewModel */ = {
			isa = PBXGroup;
			children = (
				10C83E952701CC2B00DB8841 /* RoomViewModel.swift */,
			);
			path = ViewModel;
			sourceTree = "<group>";
		};
		10C83EA72701CD5700DB8841 /* Models */ = {
			isa = PBXGroup;
			children = (
				10C83EA12701CD3000DB8841 /* FeedItem.swift */,
				10C83EA22701CD3000DB8841 /* FeedRoom.swift */,
				10C83EA32701CD3100DB8841 /* UpcomingRoomModel.swift */,
			);
			path = Models;
			sourceTree = "<group>";
		};
		10C83EAE2701CD9900DB8841 /* Fonts */ = {
			isa = PBXGroup;
			children = (
			);
			path = Fonts;
			sourceTree = "<group>";
		};
		10C83EB82701CDA600DB8841 /* Resources */ = {
			isa = PBXGroup;
			children = (
				10C83EAF2701CD9900DB8841 /* NunitoSans-ExtraBold.ttf */,
				10C83EB12701CD9900DB8841 /* NunitoSans-Bold.ttf */,
				10C83EB22701CD9900DB8841 /* NunitoSans-SemiBold.ttf */,
				10C83EB02701CD9900DB8841 /* NunitoSans-Regular.ttf */,
				10C83EB42701CD9900DB8841 /* Colors.swift */,
				10C83EB32701CD9900DB8841 /* Font.swift */,
				10C83EAE2701CD9900DB8841 /* Fonts */,
				10C83EAD2701CD9900DB8841 /* Image.swift */,
			);
			path = Resources;
			sourceTree = "<group>";
		};
		10C83EB92701CE8400DB8841 /* Views */ = {
			isa = PBXGroup;
			children = (
				10C83EC72702F59C00DB8841 /* Profile */,
				10C83EBE2701D21D00DB8841 /* HomeFeed */,
				10C83EBA2701CE8E00DB8841 /* Headers */,
			);
			path = Views;
			sourceTree = "<group>";
		};
		10C83EBA2701CE8E00DB8841 /* Headers */ = {
			isa = PBXGroup;
			children = (
				10C83EBB2701CEA800DB8841 /* HomeHeaderView.swift */,
				10C83EC52702F4A200DB8841 /* ProfileHeaderView.swift */,
			);
			path = Headers;
			sourceTree = "<group>";
		};
		10C83EBD2701CEDD00DB8841 /* Preview Content */ = {
			isa = PBXGroup;
			children = (
				10C83EAA2701CD7100DB8841 /* Preview Assets.xcassets */,
			);
			path = "Preview Content";
			sourceTree = "<group>";
		};
		10C83EBE2701D21D00DB8841 /* HomeFeed */ = {
			isa = PBXGroup;
			children = (
				10C83EBF2701D23F00DB8841 /* UpcomingRoomsView.swift */,
				10C83EC12701E5FE00DB8841 /* RoomView.swift */,
				10C83EC32702E4FC00DB8841 /* ButtonHomeView.swift */,
			);
			path = HomeFeed;
			sourceTree = "<group>";
		};
		10C83EC72702F59C00DB8841 /* Profile */ = {
			isa = PBXGroup;
			children = (
				10C83EC82702F5A800DB8841 /* ProfileView.swift */,
			);
			path = Profile;
			sourceTree = "<group>";
		};
/* End PBXGroup section */

/* Begin PBXNativeTarget section */
		10C83E812701C9E200DB8841 /* Clubhouse */ = {
			isa = PBXNativeTarget;
			buildConfigurationList = 10C83E902701C9E700DB8841 /* Build configuration list for PBXNativeTarget "Clubhouse" */;
			buildPhases = (
				10C83E7E2701C9E200DB8841 /* Sources */,
				10C83E7F2701C9E200DB8841 /* Frameworks */,
				10C83E802701C9E200DB8841 /* Resources */,
			);
			buildRules = (
			);
			dependencies = (
			);
			name = Clubhouse;
			productName = Clubhouse;
			productReference = 10C83E822701C9E200DB8841 /* Clubhouse.app */;
			productType = "com.apple.product-type.application";
		};
/* End PBXNativeTarget section */

/* Begin PBXProject section */
		10C83E7A2701C9E200DB8841 /* Project object */ = {
			isa = PBXProject;
			attributes = {
				BuildIndependentTargetsInParallel = 1;
				LastSwiftUpdateCheck = 1300;
				LastUpgradeCheck = 1300;
				TargetAttributes = {
					10C83E812701C9E200DB8841 = {
						CreatedOnToolsVersion = 13.0;
					};
				};
			};
			buildConfigurationList = 10C83E7D2701C9E200DB8841 /* Build configuration list for PBXProject "Clubhouse" */;
			compatibilityVersion = "Xcode 13.0";
			developmentRegion = en;
			hasScannedForEncodings = 0;
			knownRegions = (
				en,
				Base,
			);
			mainGroup = 10C83E792701C9E200DB8841;
			productRefGroup = 10C83E832701C9E200DB8841 /* Products */;
			projectDirPath = "";
			projectRoot = "";
			targets = (
				10C83E812701C9E200DB8841 /* Clubhouse */,
			);
		};
/* End PBXProject section */

/* Begin PBXResourcesBuildPhase section */
		10C83E802701C9E200DB8841 /* Resources */ = {
			isa = PBXResourcesBuildPhase;
			buildActionMask = 2147483647;
			files = (
				10C83E8D2701C9E700DB8841 /* Preview Assets.xcassets in Resources */,
				10C83E8A2701C9E700DB8841 /* Assets.xcassets in Resources */,
			);
			runOnlyForDeploymentPostprocessing = 0;
		};
/* End PBXResourcesBuildPhase section */

/* Begin PBXSourcesBuildPhase section */
		10C83E7E2701C9E200DB8841 /* Sources */ = {
			isa = PBXSourcesBuildPhase;
			buildActionMask = 2147483647;
			files = (
				10C83EB52701CD9900DB8841 /* Image.swift in Sources */,
				10C83EB72701CD9900DB8841 /* Colors.swift in Sources */,
				10C83EA62701CD3100DB8841 /* UpcomingRoomModel.swift in Sources */,
				10C83EA42701CD3100DB8841 /* FeedItem.swift in Sources */,
				10C83EA52701CD3100DB8841 /* FeedRoom.swift in Sources */,
				10C83EB62701CD9900DB8841 /* Font.swift in Sources */,
				10C83EBC2701CEA800DB8841 /* HomeHeaderView.swift in Sources */,
				10C83EC92702F5A800DB8841 /* ProfileView.swift in Sources */,
				10C83E882701C9E200DB8841 /* ContentView.swift in Sources */,
				10C83E962701CC2B00DB8841 /* RoomViewModel.swift in Sources */,
				10C83EC22701E5FE00DB8841 /* RoomView.swift in Sources */,
				10C83E862701C9E200DB8841 /* ClubhouseApp.swift in Sources */,
				10C83EC62702F4A200DB8841 /* ProfileHeaderView.swift in Sources */,
				10C83EC02701D23F00DB8841 /* UpcomingRoomsView.swift in Sources */,
				10C83EC42702E4FC00DB8841 /* ButtonHomeView.swift in Sources */,
			);
			runOnlyForDeploymentPostprocessing = 0;
		};
/* End PBXSourcesBuildPhase section */

/* Begin XCBuildConfiguration section */
		10C83E8E2701C9E700DB8841 /* Debug */ = {
			isa = XCBuildConfiguration;
			buildSettings = {
				ALWAYS_SEARCH_USER_PATHS = NO;
				CLANG_ANALYZER_NONNULL = YES;
				CLANG_ANALYZER_NUMBER_OBJECT_CONVERSION = YES_AGGRESSIVE;
				CLANG_CXX_LANGUAGE_STANDARD = "gnu++17";
				CLANG_CXX_LIBRARY = "libc++";
				CLANG_ENABLE_MODULES = YES;
				CLANG_ENABLE_OBJC_ARC = YES;
				CLANG_ENABLE_OBJC_WEAK = YES;
				CLANG_WARN_BLOCK_CAPTURE_AUTORELEASING = YES;
				CLANG_WARN_BOOL_CONVERSION = YES;
				CLANG_WARN_COMMA = YES;
				CLANG_WARN_CONSTANT_CONVERSION = YES;
				CLANG_WARN_DEPRECATED_OBJC_IMPLEMENTATIONS = YES;
				CLANG_WARN_DIRECT_OBJC_ISA_USAGE = YES_ERROR;
				CLANG_WARN_DOCUMENTATION_COMMENTS = YES;
				CLANG_WARN_EMPTY_BODY = YES;
				CLANG_WARN_ENUM_CONVERSION = YES;
				CLANG_WARN_INFINITE_RECURSION = YES;
				CLANG_WARN_INT_CONVERSION = YES;
				CLANG_WARN_NON_LITERAL_NULL_CONVERSION = YES;
				CLANG_WARN_OBJC_IMPLICIT_RETAIN_SELF = YES;
				CLANG_WARN_OBJC_LITERAL_CONVERSION = YES;
				CLANG_WARN_OBJC_ROOT_CLASS = YES_ERROR;
				CLANG_WARN_QUOTED_INCLUDE_IN_FRAMEWORK_HEADER = YES;
				CLANG_WARN_RANGE_LOOP_ANALYSIS = YES;
				CLANG_WARN_STRICT_PROTOTYPES = YES;
				CLANG_WARN_SUSPICIOUS_MOVE = YES;
				CLANG_WARN_UNGUARDED_AVAILABILITY = YES_AGGRESSIVE;
				CLANG_WARN_UNREACHABLE_CODE = YES;
				CLANG_WARN__DUPLICATE_METHOD_MATCH = YES;
				COPY_PHASE_STRIP = NO;
				DEBUG_INFORMATION_FORMAT = dwarf;
				ENABLE_STRICT_OBJC_MSGSEND = YES;
				ENABLE_TESTABILITY = YES;
				GCC_C_LANGUAGE_STANDARD = gnu11;
				GCC_DYNAMIC_NO_PIC = NO;
				GCC_NO_COMMON_BLOCKS = YES;
				GCC_OPTIMIZATION_LEVEL = 0;
				GCC_PREPROCESSOR_DEFINITIONS = (
					"DEBUG=1",
					"$(inherited)",
				);
				GCC_WARN_64_TO_32_BIT_CONVERSION = YES;
				GCC_WARN_ABOUT_RETURN_TYPE = YES_ERROR;
				GCC_WARN_UNDECLARED_SELECTOR = YES;
				GCC_WARN_UNINITIALIZED_AUTOS = YES_AGGRESSIVE;
				GCC_WARN_UNUSED_FUNCTION = YES;
				GCC_WARN_UNUSED_VARIABLE = YES;
				IPHONEOS_DEPLOYMENT_TARGET = 15.0;
				MTL_ENABLE_DEBUG_INFO = INCLUDE_SOURCE;
				MTL_FAST_MATH = YES;
				ONLY_ACTIVE_ARCH = YES;
				SDKROOT = iphoneos;
				SWIFT_ACTIVE_COMPILATION_CONDITIONS = DEBUG;
				SWIFT_OPTIMIZATION_LEVEL = "-Onone";
			};
			name = Debug;
		};
		10C83E8F2701C9E700DB8841 /* Release */ = {
			isa = XCBuildConfiguration;
			buildSettings = {
				ALWAYS_SEARCH_USER_PATHS = NO;
				CLANG_ANALYZER_NONNULL = YES;
				CLANG_ANALYZER_NUMBER_OBJECT_CONVERSION = YES_AGGRESSIVE;
				CLANG_CXX_LANGUAGE_STANDARD = "gnu++17";
				CLANG_CXX_LIBRARY = "libc++";
				CLANG_ENABLE_MODULES = YES;
				CLANG_ENABLE_OBJC_ARC = YES;
				CLANG_ENABLE_OBJC_WEAK = YES;
				CLANG_WARN_BLOCK_CAPTURE_AUTORELEASING = YES;
				CLANG_WARN_BOOL_CONVERSION = YES;
				CLANG_WARN_COMMA = YES;
				CLANG_WARN_CONSTANT_CONVERSION = YES;
				CLANG_WARN_DEPRECATED_OBJC_IMPLEMENTATIONS = YES;
				CLANG_WARN_DIRECT_OBJC_ISA_USAGE = YES_ERROR;
				CLANG_WARN_DOCUMENTATION_COMMENTS = YES;
				CLANG_WARN_EMPTY_BODY = YES;
				CLANG_WARN_ENUM_CONVERSION = YES;
				CLANG_WARN_INFINITE_RECURSION = YES;
				CLANG_WARN_INT_CONVERSION = YES;
				CLANG_WARN_NON_LITERAL_NULL_CONVERSION = YES;
				CLANG_WARN_OBJC_IMPLICIT_RETAIN_SELF = YES;
				CLANG_WARN_OBJC_LITERAL_CONVERSION = YES;
				CLANG_WARN_OBJC_ROOT_CLASS = YES_ERROR;
				CLANG_WARN_QUOTED_INCLUDE_IN_FRAMEWORK_HEADER = YES;
				CLANG_WARN_RANGE_LOOP_ANALYSIS = YES;
				CLANG_WARN_STRICT_PROTOTYPES = YES;
				CLANG_WARN_SUSPICIOUS_MOVE = YES;
				CLANG_WARN_UNGUARDED_AVAILABILITY = YES_AGGRESSIVE;
				CLANG_WARN_UNREACHABLE_CODE = YES;
				CLANG_WARN__DUPLICATE_METHOD_MATCH = YES;
				COPY_PHASE_STRIP = NO;
				DEBUG_INFORMATION_FORMAT = "dwarf-with-dsym";
				ENABLE_NS_ASSERTIONS = NO;
				ENABLE_STRICT_OBJC_MSGSEND = YES;
				GCC_C_LANGUAGE_STANDARD = gnu11;
				GCC_NO_COMMON_BLOCKS = YES;
				GCC_WARN_64_TO_32_BIT_CONVERSION = YES;
				GCC_WARN_ABOUT_RETURN_TYPE = YES_ERROR;
				GCC_WARN_UNDECLARED_SELECTOR = YES;
				GCC_WARN_UNINITIALIZED_AUTOS = YES_AGGRESSIVE;
				GCC_WARN_UNUSED_FUNCTION = YES;
				GCC_WARN_UNUSED_VARIABLE = YES;
				IPHONEOS_DEPLOYMENT_TARGET = 15.0;
				MTL_ENABLE_DEBUG_INFO = NO;
				MTL_FAST_MATH = YES;
				SDKROOT = iphoneos;
				SWIFT_COMPILATION_MODE = wholemodule;
				SWIFT_OPTIMIZATION_LEVEL = "-O";
				VALIDATE_PRODUCT = YES;
			};
			name = Release;
		};
		10C83E912701C9E700DB8841 /* Debug */ = {
			isa = XCBuildConfiguration;
			buildSettings = {
				ASSETCATALOG_COMPILER_APPICON_NAME = AppIcon;
				ASSETCATALOG_COMPILER_GLOBAL_ACCENT_COLOR_NAME = AccentColor;
				CODE_SIGN_STYLE = Automatic;
				CURRENT_PROJECT_VERSION = 1;
				DEVELOPMENT_ASSET_PATHS = "\"Clubhouse/Preview Content\"";
				DEVELOPMENT_TEAM = 8HL6GD96GK;
				ENABLE_PREVIEWS = YES;
				GENERATE_INFOPLIST_FILE = YES;
				INFOPLIST_KEY_UIApplicationSceneManifest_Generation = YES;
				INFOPLIST_KEY_UIApplicationSupportsIndirectInputEvents = YES;
				INFOPLIST_KEY_UILaunchScreen_Generation = YES;
				INFOPLIST_KEY_UISupportedInterfaceOrientations_iPad = "UIInterfaceOrientationPortrait UIInterfaceOrientationPortraitUpsideDown UIInterfaceOrientationLandscapeLeft UIInterfaceOrientationLandscapeRight";
				INFOPLIST_KEY_UISupportedInterfaceOrientations_iPhone = "UIInterfaceOrientationPortrait UIInterfaceOrientationLandscapeLeft UIInterfaceOrientationLandscapeRight";
				IPHONEOS_DEPLOYMENT_TARGET = 14.0;
				LD_RUNPATH_SEARCH_PATHS = (
					"$(inherited)",
					"@executable_path/Frameworks",
				);
				MARKETING_VERSION = 1.0;
				PRODUCT_BUNDLE_IDENTIFIER = com.devesh.Clubhouse;
				PRODUCT_NAME = "$(TARGET_NAME)";
				SWIFT_EMIT_LOC_STRINGS = YES;
				SWIFT_VERSION = 5.0;
				TARGETED_DEVICE_FAMILY = "1,2";
			};
			name = Debug;
		};
		10C83E922701C9E700DB8841 /* Release */ = {
			isa = XCBuildConfiguration;
			buildSettings = {
				ASSETCATALOG_COMPILER_APPICON_NAME = AppIcon;
				ASSETCATALOG_COMPILER_GLOBAL_ACCENT_COLOR_NAME = AccentColor;
				CODE_SIGN_STYLE = Automatic;
				CURRENT_PROJECT_VERSION = 1;
				DEVELOPMENT_ASSET_PATHS = "\"Clubhouse/Preview Content\"";
				DEVELOPMENT_TEAM = 8HL6GD96GK;
				ENABLE_PREVIEWS = YES;
				GENERATE_INFOPLIST_FILE = YES;
				INFOPLIST_KEY_UIApplicationSceneManifest_Generation = YES;
				INFOPLIST_KEY_UIApplicationSupportsIndirectInputEvents = YES;
				INFOPLIST_KEY_UILaunchScreen_Generation = YES;
				INFOPLIST_KEY_UISupportedInterfaceOrientations_iPad = "UIInterfaceOrientationPortrait UIInterfaceOrientationPortraitUpsideDown UIInterfaceOrientationLandscapeLeft UIInterfaceOrientationLandscapeRight";
				INFOPLIST_KEY_UISupportedInterfaceOrientations_iPhone = "UIInterfaceOrientationPortrait UIInterfaceOrientationLandscapeLeft UIInterfaceOrientationLandscapeRight";
				IPHONEOS_DEPLOYMENT_TARGET = 14.0;
				LD_RUNPATH_SEARCH_PATHS = (
					"$(inherited)",
					"@executable_path/Frameworks",
				);
				MARKETING_VERSION = 1.0;
				PRODUCT_BUNDLE_IDENTIFIER = com.devesh.Clubhouse;
				PRODUCT_NAME = "$(TARGET_NAME)";
				SWIFT_EMIT_LOC_STRINGS = YES;
				SWIFT_VERSION = 5.0;
				TARGETED_DEVICE_FAMILY = "1,2";
			};
			name = Release;
		};
/* End XCBuildConfiguration section */

/* Begin XCConfigurationList section */
		10C83E7D2701C9E200DB8841 /* Build configuration list for PBXProject "Clubhouse" */ = {
			isa = XCConfigurationList;
			buildConfigurations = (
				10C83E8E2701C9E700DB8841 /* Debug */,
				10C83E8F2701C9E700DB8841 /* Release */,
			);
			defaultConfigurationIsVisible = 0;
			defaultConfigurationName = Release;
		};
		10C83E902701C9E700DB8841 /* Build configuration list for PBXNativeTarget "Clubhouse" */ = {
			isa = XCConfigurationList;
			buildConfigurations = (
				10C83E912701C9E700DB8841 /* Debug */,
				10C83E922701C9E700DB8841 /* Release */,
			);
			defaultConfigurationIsVisible = 0;
			defaultConfigurationName = Release;
		};
/* End XCConfigurationList section */
	};
	rootObject = 10C83E7A2701C9E200DB8841 /* Project object */;
}
